{
  "socketPath": "/tmp/mcp-sh7Or6/mcp.sock",
  "scheme": "unix",
  "headers": {
    "Authorization": "Nonce 8cecdee1-c202-4aed-9673-886a7700bcc9"
  },
  "pid": 2922333,
  "ideName": "Visual Studio Code",
  "timestamp": 1780880802324,
  "workspaceFolders": [
    "/var/www/html/kifm"
  ],
  "isTrusted": true
}